# This file is automatically @generated by Cargo.
# It is not intended for manual editing.
version = 3

[[package]]
name = "libm"
version = "0.2.2"
source = "registry+https://github.com/rust-lang/crates.io-index"
checksum = "33a33a362ce288760ec6a508b94caaec573ae7d3bbbd91b87aa0bad4456839db"

[[package]]
name = "rrt0"
version = "0.3.1"
source = "registry+https://github.com/rust-lang/crates.io-index"
checksum = "95990a96c116f2c3036a0677f1b8e8885bdcf1e0f434a7529dff1467d272c0ec"
dependencies = [
 "libm",
]

[[package]]
name = "trace64"
version = "0.1.0"
dependencies = [
 "rrt0",
]
